
Microsoft Visual Studio Solution File, Format Version 12.00
Project("{FAE04EC0-301F-11D3-BF4B-00C04F79EFBC}") = "Vatsim.Sso", "Vatsim.Sso\Vatsim.Sso.csproj", "{7C061D15-6CB5-4BC3-AE9C-A5EA726B768A}"
EndProject
Global
	GlobalSection(SolutionConfigurationPlatforms) = preSolution
		Debug|Any CPU = Debug|Any CPU
		Release|Any CPU = Release|Any CPU
	EndGlobalSection
	GlobalSection(ProjectConfigurationPlatforms) = postSolution
		{7C061D15-6CB5-4BC3-AE9C-A5EA726B768A}.Debug|Any CPU.ActiveCfg = Debug|Any CPU
		{7C061D15-6CB5-4BC3-AE9C-A5EA726B768A}.Debug|Any CPU.Build.0 = Debug|Any CPU
		{7C061D15-6CB5-4BC3-AE9C-A5EA726B768A}.Release|Any CPU.ActiveCfg = Release|Any CPU
		{7C061D15-6CB5-4BC3-AE9C-A5EA726B768A}.Release|Any CPU.Build.0 = Release|Any CPU
	EndGlobalSection
EndGlobal
